
Microsoft Visual Studio Solution File, Format Version 12.00
# Visual Studio 2012
Project("{8BC9CEB8-8B4A-11D0-8D11-00A0C91BC942}") = "GetModuleTest", "GetModuleTest\GetModuleTest.vcxproj", "{F91EFE32-437D-4A09-BF36-CDC6BB38D6E6}"
EndProject
Project("{8BC9CEB8-8B4A-11D0-8D11-00A0C91BC942}") = "inherite", "inherite\inherite.vcxproj", "{4ADE4290-C9A1-4993-BEF6-9CC070D432D2}"
EndProject
Project("{8BC9CEB8-8B4A-11D0-8D11-00A0C91BC942}") = "ShellExecuteTest", "ShellExecuteTest\ShellExecuteTest.vcxproj", "{E65C3FF4-C960-412D-981C-CF9694451A61}"
EndProject
Project("{8BC9CEB8-8B4A-11D0-8D11-00A0C91BC942}") = "CloseJobHandle", "CloseJobHandle\CloseJobHandle.vcxproj", "{C977EA0A-794B-4DCE-AAE5-1848FD3E2F43}"
EndProject
Project("{8BC9CEB8-8B4A-11D0-8D11-00A0C91BC942}") = "StartRestrictedProcess", "StartRestrictedProcess\StartRestrictedProcess.vcxproj", "{376134B2-0C8B-477B-A893-BAAA2DF52B12}"
EndProject
Project("{8BC9CEB8-8B4A-11D0-8D11-00A0C91BC942}") = "ForverLoop", "ForverLoop\ForverLoop.vcxproj", "{3404D937-3BDC-4451-8037-61CDB90B0C22}"
EndProject
Project("{8BC9CEB8-8B4A-11D0-8D11-00A0C91BC942}") = "ThreadTest", "ThreadTest\ThreadTest.vcxproj", "{21B36B9A-ADB2-404B-A07A-B6C630ED816B}"
EndProject
Project("{8BC9CEB8-8B4A-11D0-8D11-00A0C91BC942}") = "SuspendProcess", "SuspendProcess\SuspendProcess.vcxproj", "{42A2A1B1-C973-4D74-9F1C-8270AB5D5C86}"
EndProject
Project("{8BC9CEB8-8B4A-11D0-8D11-00A0C91BC942}") = "PerformLongOperation", "PerformLongOperation\PerformLongOperation.vcxproj", "{1252FFDB-21CC-42E5-A78A-646812FBD1AB}"
EndProject
Project("{8BC9CEB8-8B4A-11D0-8D11-00A0C91BC942}") = "ThreadContext", "ThreadContext\ThreadContext.vcxproj", "{8529AB41-DC2A-43D8-9FCF-0D0891B5B889}"
EndProject
Project("{8BC9CEB8-8B4A-11D0-8D11-00A0C91BC942}") = "Priority", "Priority\Priority.vcxproj", "{4116D5AC-41BD-4BBE-9280-A415C851E2E1}"
EndProject
Project("{8BC9CEB8-8B4A-11D0-8D11-00A0C91BC942}") = "PriorityBoost", "PriorityBoost\PriorityBoost.vcxproj", "{500C6B7B-0012-408F-9103-7C15BE382EA0}"
EndProject
Project("{8BC9CEB8-8B4A-11D0-8D11-00A0C91BC942}") = "WaitObjectTest", "WaitObjectTest\WaitObjectTest.vcxproj", "{40919A78-14B9-46C4-B9C4-A7C39210FE1E}"
EndProject
Project("{8BC9CEB8-8B4A-11D0-8D11-00A0C91BC942}") = "EventTest", "EventTest\EventTest.vcxproj", "{F495BCB8-6FD6-43E4-8C01-0667DC28D7FA}"
EndProject
Project("{8BC9CEB8-8B4A-11D0-8D11-00A0C91BC942}") = "WaitableTimerTest", "WaitableTimerTest\WaitableTimerTest.vcxproj", "{C8C4D5A7-6B1B-4560-96DB-C6CCFA675123}"
EndProject
Project("{8BC9CEB8-8B4A-11D0-8D11-00A0C91BC942}") = "APCTest", "APCTest\APCTest.vcxproj", "{92DEC99D-5636-4453-A4EC-5D9A1398BAAB}"
EndProject
Project("{8BC9CEB8-8B4A-11D0-8D11-00A0C91BC942}") = "DeleteFileTest", "DeleteFileTest\DeleteFileTest.vcxproj", "{9F793003-0947-4B1D-8A50-F9B2CBA64E8E}"
EndProject
Project("{8BC9CEB8-8B4A-11D0-8D11-00A0C91BC942}") = "TempFileTest", "TempFileTest\TempFileTest.vcxproj", "{3955BF0A-541E-417B-A01C-A38EFD437B2B}"
EndProject
Project("{8BC9CEB8-8B4A-11D0-8D11-00A0C91BC942}") = "FileSizeTest", "FileSizeTest\FileSizeTest.vcxproj", "{FD6132AC-5A1D-4E9E-A0D9-3AE42B08B63D}"
EndProject
Project("{8BC9CEB8-8B4A-11D0-8D11-00A0C91BC942}") = "FileKernelObj", "FileKernelObj\FileKernelObj.vcxproj", "{F71303C5-EC0E-46BE-9F91-232237E15DFB}"
EndProject
Project("{8BC9CEB8-8B4A-11D0-8D11-00A0C91BC942}") = "FileEventObj", "FileEventObj\FileEventObj.vcxproj", "{5F3DBE5F-A581-4EE3-B240-3998EE8D94BD}"
EndProject
Project("{8BC9CEB8-8B4A-11D0-8D11-00A0C91BC942}") = "FileAlertIO", "FileAlertIO\FileAlertIO.vcxproj", "{9FCF51AD-6535-4541-A166-222BC2850871}"
EndProject
Project("{8BC9CEB8-8B4A-11D0-8D11-00A0C91BC942}") = "TimedMsgBox", "TimedMsgBox\TimedMsgBox.vcxproj", "{149F445C-BC09-403A-8E1E-1CB2CB30262C}"
EndProject
Project("{8BC9CEB8-8B4A-11D0-8D11-00A0C91BC942}") = "BatchTest", "BatchTest\BatchTest.vcxproj", "{7BCEE3EA-40F9-4245-8C76-A7413625EB6F}"
EndProject
Project("{8BC9CEB8-8B4A-11D0-8D11-00A0C91BC942}") = "SettimerTest", "SettimerTest\SettimerTest.vcxproj", "{1B7A5843-E916-48F3-B8D7-5ABD3C51D820}"
EndProject
Project("{8BC9CEB8-8B4A-11D0-8D11-00A0C91BC942}") = "DataAlignTest", "DataAlignTest\DataAlignTest.vcxproj", "{0DD3C980-D9D7-43BD-950B-285D8F69786C}"
EndProject
Project("{8BC9CEB8-8B4A-11D0-8D11-00A0C91BC942}") = "GetProcessorsTest", "GetProcessorsTest\GetProcessorsTest.vcxproj", "{74DE0015-D687-406D-842D-FF167E0D8793}"
EndProject
Project("{8BC9CEB8-8B4A-11D0-8D11-00A0C91BC942}") = "VirtualAllocTest", "VirtualAllocTest\VirtualAllocTest.vcxproj", "{154BEA7A-4200-476D-8B9D-EFE3117AB1D5}"
EndProject
Project("{8BC9CEB8-8B4A-11D0-8D11-00A0C91BC942}") = "MemReset", "MemReset\MemReset.vcxproj", "{F29B99F0-FB1F-48FE-BA54-B296CB398292}"
EndProject
Project("{8BC9CEB8-8B4A-11D0-8D11-00A0C91BC942}") = "stackUnderflow", "stackUnderflow\stackUnderflow.vcxproj", "{94B2D6A2-590A-45D4-A816-C4FC29508612}"
EndProject
Project("{8BC9CEB8-8B4A-11D0-8D11-00A0C91BC942}") = "summation", "summation\summation.vcxproj", "{7991AE5F-8820-4FF9-8435-73567E8E9128}"
EndProject
Project("{8BC9CEB8-8B4A-11D0-8D11-00A0C91BC942}") = "AppInst", "AppInst\AppInst.vcxproj", "{3710D311-6909-4941-B096-8839FC108736}"
EndProject
Project("{8BC9CEB8-8B4A-11D0-8D11-00A0C91BC942}") = "ViewCDiskChange", "ViewCDiskChange\ViewCDiskChange.vcxproj", "{AA0CC7DF-219C-43CA-BE11-C6FE5C980C00}"
EndProject
Project("{8BC9CEB8-8B4A-11D0-8D11-00A0C91BC942}") = "FileRev", "FileRev\FileRev.vcxproj", "{BF44B430-92D0-44C7-B81B-35610E9F8468}"
EndProject
Project("{8BC9CEB8-8B4A-11D0-8D11-00A0C91BC942}") = "TwoViewOfMap", "TwoViewOfMap\TwoViewOfMap.vcxproj", "{C289F2D8-9AA6-438D-B56C-E72C969B216A}"
EndProject
Project("{8BC9CEB8-8B4A-11D0-8D11-00A0C91BC942}") = "MMFShare", "MMFShare\MMFShare.vcxproj", "{28E55057-65A1-463B-8E54-8849E042236C}"
EndProject
Global
	GlobalSection(SolutionConfigurationPlatforms) = preSolution
		Debug|Win32 = Debug|Win32
		Release|Win32 = Release|Win32
	EndGlobalSection
	GlobalSection(ProjectConfigurationPlatforms) = postSolution
		{F91EFE32-437D-4A09-BF36-CDC6BB38D6E6}.Debug|Win32.ActiveCfg = Debug|Win32
		{F91EFE32-437D-4A09-BF36-CDC6BB38D6E6}.Debug|Win32.Build.0 = Debug|Win32
		{F91EFE32-437D-4A09-BF36-CDC6BB38D6E6}.Release|Win32.ActiveCfg = Release|Win32
		{F91EFE32-437D-4A09-BF36-CDC6BB38D6E6}.Release|Win32.Build.0 = Release|Win32
		{4ADE4290-C9A1-4993-BEF6-9CC070D432D2}.Debug|Win32.ActiveCfg = Debug|Win32
		{4ADE4290-C9A1-4993-BEF6-9CC070D432D2}.Debug|Win32.Build.0 = Debug|Win32
		{4ADE4290-C9A1-4993-BEF6-9CC070D432D2}.Release|Win32.ActiveCfg = Release|Win32
		{4ADE4290-C9A1-4993-BEF6-9CC070D432D2}.Release|Win32.Build.0 = Release|Win32
		{E65C3FF4-C960-412D-981C-CF9694451A61}.Debug|Win32.ActiveCfg = Debug|Win32
		{E65C3FF4-C960-412D-981C-CF9694451A61}.Debug|Win32.Build.0 = Debug|Win32
		{E65C3FF4-C960-412D-981C-CF9694451A61}.Release|Win32.ActiveCfg = Release|Win32
		{E65C3FF4-C960-412D-981C-CF9694451A61}.Release|Win32.Build.0 = Release|Win32
		{C977EA0A-794B-4DCE-AAE5-1848FD3E2F43}.Debug|Win32.ActiveCfg = Debug|Win32
		{C977EA0A-794B-4DCE-AAE5-1848FD3E2F43}.Debug|Win32.Build.0 = Debug|Win32
		{C977EA0A-794B-4DCE-AAE5-1848FD3E2F43}.Release|Win32.ActiveCfg = Release|Win32
		{C977EA0A-794B-4DCE-AAE5-1848FD3E2F43}.Release|Win32.Build.0 = Release|Win32
		{376134B2-0C8B-477B-A893-BAAA2DF52B12}.Debug|Win32.ActiveCfg = Debug|Win32
		{376134B2-0C8B-477B-A893-BAAA2DF52B12}.Debug|Win32.Build.0 = Debug|Win32
		{376134B2-0C8B-477B-A893-BAAA2DF52B12}.Release|Win32.ActiveCfg = Release|Win32
		{376134B2-0C8B-477B-A893-BAAA2DF52B12}.Release|Win32.Build.0 = Release|Win32
		{3404D937-3BDC-4451-8037-61CDB90B0C22}.Debug|Win32.ActiveCfg = Debug|Win32
		{3404D937-3BDC-4451-8037-61CDB90B0C22}.Debug|Win32.Build.0 = Debug|Win32
		{3404D937-3BDC-4451-8037-61CDB90B0C22}.Release|Win32.ActiveCfg = Release|Win32
		{3404D937-3BDC-4451-8037-61CDB90B0C22}.Release|Win32.Build.0 = Release|Win32
		{21B36B9A-ADB2-404B-A07A-B6C630ED816B}.Debug|Win32.ActiveCfg = Debug|Win32
		{21B36B9A-ADB2-404B-A07A-B6C630ED816B}.Debug|Win32.Build.0 = Debug|Win32
		{21B36B9A-ADB2-404B-A07A-B6C630ED816B}.Release|Win32.ActiveCfg = Release|Win32
		{21B36B9A-ADB2-404B-A07A-B6C630ED816B}.Release|Win32.Build.0 = Release|Win32
		{42A2A1B1-C973-4D74-9F1C-8270AB5D5C86}.Debug|Win32.ActiveCfg = Debug|Win32
		{42A2A1B1-C973-4D74-9F1C-8270AB5D5C86}.Debug|Win32.Build.0 = Debug|Win32
		{42A2A1B1-C973-4D74-9F1C-8270AB5D5C86}.Release|Win32.ActiveCfg = Release|Win32
		{42A2A1B1-C973-4D74-9F1C-8270AB5D5C86}.Release|Win32.Build.0 = Release|Win32
		{1252FFDB-21CC-42E5-A78A-646812FBD1AB}.Debug|Win32.ActiveCfg = Debug|Win32
		{1252FFDB-21CC-42E5-A78A-646812FBD1AB}.Debug|Win32.Build.0 = Debug|Win32
		{1252FFDB-21CC-42E5-A78A-646812FBD1AB}.Release|Win32.ActiveCfg = Release|Win32
		{1252FFDB-21CC-42E5-A78A-646812FBD1AB}.Release|Win32.Build.0 = Release|Win32
		{8529AB41-DC2A-43D8-9FCF-0D0891B5B889}.Debug|Win32.ActiveCfg = Debug|Win32
		{8529AB41-DC2A-43D8-9FCF-0D0891B5B889}.Debug|Win32.Build.0 = Debug|Win32
		{8529AB41-DC2A-43D8-9FCF-0D0891B5B889}.Release|Win32.ActiveCfg = Release|Win32
		{8529AB41-DC2A-43D8-9FCF-0D0891B5B889}.Release|Win32.Build.0 = Release|Win32
		{4116D5AC-41BD-4BBE-9280-A415C851E2E1}.Debug|Win32.ActiveCfg = Debug|Win32
		{4116D5AC-41BD-4BBE-9280-A415C851E2E1}.Debug|Win32.Build.0 = Debug|Win32
		{4116D5AC-41BD-4BBE-9280-A415C851E2E1}.Release|Win32.ActiveCfg = Release|Win32
		{4116D5AC-41BD-4BBE-9280-A415C851E2E1}.Release|Win32.Build.0 = Release|Win32
		{500C6B7B-0012-408F-9103-7C15BE382EA0}.Debug|Win32.ActiveCfg = Debug|Win32
		{500C6B7B-0012-408F-9103-7C15BE382EA0}.Debug|Win32.Build.0 = Debug|Win32
		{500C6B7B-0012-408F-9103-7C15BE382EA0}.Release|Win32.ActiveCfg = Release|Win32
		{500C6B7B-0012-408F-9103-7C15BE382EA0}.Release|Win32.Build.0 = Release|Win32
		{40919A78-14B9-46C4-B9C4-A7C39210FE1E}.Debug|Win32.ActiveCfg = Debug|Win32
		{40919A78-14B9-46C4-B9C4-A7C39210FE1E}.Debug|Win32.Build.0 = Debug|Win32
		{40919A78-14B9-46C4-B9C4-A7C39210FE1E}.Release|Win32.ActiveCfg = Release|Win32
		{40919A78-14B9-46C4-B9C4-A7C39210FE1E}.Release|Win32.Build.0 = Release|Win32
		{F495BCB8-6FD6-43E4-8C01-0667DC28D7FA}.Debug|Win32.ActiveCfg = Debug|Win32
		{F495BCB8-6FD6-43E4-8C01-0667DC28D7FA}.Debug|Win32.Build.0 = Debug|Win32
		{F495BCB8-6FD6-43E4-8C01-0667DC28D7FA}.Release|Win32.ActiveCfg = Release|Win32
		{F495BCB8-6FD6-43E4-8C01-0667DC28D7FA}.Release|Win32.Build.0 = Release|Win32
		{C8C4D5A7-6B1B-4560-96DB-C6CCFA675123}.Debug|Win32.ActiveCfg = Debug|Win32
		{C8C4D5A7-6B1B-4560-96DB-C6CCFA675123}.Debug|Win32.Build.0 = Debug|Win32
		{C8C4D5A7-6B1B-4560-96DB-C6CCFA675123}.Release|Win32.ActiveCfg = Release|Win32
		{C8C4D5A7-6B1B-4560-96DB-C6CCFA675123}.Release|Win32.Build.0 = Release|Win32
		{92DEC99D-5636-4453-A4EC-5D9A1398BAAB}.Debug|Win32.ActiveCfg = Debug|Win32
		{92DEC99D-5636-4453-A4EC-5D9A1398BAAB}.Debug|Win32.Build.0 = Debug|Win32
		{92DEC99D-5636-4453-A4EC-5D9A1398BAAB}.Release|Win32.ActiveCfg = Release|Win32
		{92DEC99D-5636-4453-A4EC-5D9A1398BAAB}.Release|Win32.Build.0 = Release|Win32
		{9F793003-0947-4B1D-8A50-F9B2CBA64E8E}.Debug|Win32.ActiveCfg = Debug|Win32
		{9F793003-0947-4B1D-8A50-F9B2CBA64E8E}.Debug|Win32.Build.0 = Debug|Win32
		{9F793003-0947-4B1D-8A50-F9B2CBA64E8E}.Release|Win32.ActiveCfg = Release|Win32
		{9F793003-0947-4B1D-8A50-F9B2CBA64E8E}.Release|Win32.Build.0 = Release|Win32
		{3955BF0A-541E-417B-A01C-A38EFD437B2B}.Debug|Win32.ActiveCfg = Debug|Win32
		{3955BF0A-541E-417B-A01C-A38EFD437B2B}.Debug|Win32.Build.0 = Debug|Win32
		{3955BF0A-541E-417B-A01C-A38EFD437B2B}.Release|Win32.ActiveCfg = Release|Win32
		{3955BF0A-541E-417B-A01C-A38EFD437B2B}.Release|Win32.Build.0 = Release|Win32
		{FD6132AC-5A1D-4E9E-A0D9-3AE42B08B63D}.Debug|Win32.ActiveCfg = Debug|Win32
		{FD6132AC-5A1D-4E9E-A0D9-3AE42B08B63D}.Debug|Win32.Build.0 = Debug|Win32
		{FD6132AC-5A1D-4E9E-A0D9-3AE42B08B63D}.Release|Win32.ActiveCfg = Release|Win32
		{FD6132AC-5A1D-4E9E-A0D9-3AE42B08B63D}.Release|Win32.Build.0 = Release|Win32
		{F71303C5-EC0E-46BE-9F91-232237E15DFB}.Debug|Win32.ActiveCfg = Debug|Win32
		{F71303C5-EC0E-46BE-9F91-232237E15DFB}.Debug|Win32.Build.0 = Debug|Win32
		{F71303C5-EC0E-46BE-9F91-232237E15DFB}.Release|Win32.ActiveCfg = Release|Win32
		{F71303C5-EC0E-46BE-9F91-232237E15DFB}.Release|Win32.Build.0 = Release|Win32
		{5F3DBE5F-A581-4EE3-B240-3998EE8D94BD}.Debug|Win32.ActiveCfg = Debug|Win32
		{5F3DBE5F-A581-4EE3-B240-3998EE8D94BD}.Debug|Win32.Build.0 = Debug|Win32
		{5F3DBE5F-A581-4EE3-B240-3998EE8D94BD}.Release|Win32.ActiveCfg = Release|Win32
		{5F3DBE5F-A581-4EE3-B240-3998EE8D94BD}.Release|Win32.Build.0 = Release|Win32
		{9FCF51AD-6535-4541-A166-222BC2850871}.Debug|Win32.ActiveCfg = Debug|Win32
		{9FCF51AD-6535-4541-A166-222BC2850871}.Debug|Win32.Build.0 = Debug|Win32
		{9FCF51AD-6535-4541-A166-222BC2850871}.Release|Win32.ActiveCfg = Release|Win32
		{9FCF51AD-6535-4541-A166-222BC2850871}.Release|Win32.Build.0 = Release|Win32
		{149F445C-BC09-403A-8E1E-1CB2CB30262C}.Debug|Win32.ActiveCfg = Debug|Win32
		{149F445C-BC09-403A-8E1E-1CB2CB30262C}.Debug|Win32.Build.0 = Debug|Win32
		{149F445C-BC09-403A-8E1E-1CB2CB30262C}.Release|Win32.ActiveCfg = Release|Win32
		{149F445C-BC09-403A-8E1E-1CB2CB30262C}.Release|Win32.Build.0 = Release|Win32
		{7BCEE3EA-40F9-4245-8C76-A7413625EB6F}.Debug|Win32.ActiveCfg = Debug|Win32
		{7BCEE3EA-40F9-4245-8C76-A7413625EB6F}.Debug|Win32.Build.0 = Debug|Win32
		{7BCEE3EA-40F9-4245-8C76-A7413625EB6F}.Release|Win32.ActiveCfg = Release|Win32
		{7BCEE3EA-40F9-4245-8C76-A7413625EB6F}.Release|Win32.Build.0 = Release|Win32
		{1B7A5843-E916-48F3-B8D7-5ABD3C51D820}.Debug|Win32.ActiveCfg = Debug|Win32
		{1B7A5843-E916-48F3-B8D7-5ABD3C51D820}.Debug|Win32.Build.0 = Debug|Win32
		{1B7A5843-E916-48F3-B8D7-5ABD3C51D820}.Release|Win32.ActiveCfg = Release|Win32
		{1B7A5843-E916-48F3-B8D7-5ABD3C51D820}.Release|Win32.Build.0 = Release|Win32
		{0DD3C980-D9D7-43BD-950B-285D8F69786C}.Debug|Win32.ActiveCfg = Debug|Win32
		{0DD3C980-D9D7-43BD-950B-285D8F69786C}.Debug|Win32.Build.0 = Debug|Win32
		{0DD3C980-D9D7-43BD-950B-285D8F69786C}.Release|Win32.ActiveCfg = Release|Win32
		{0DD3C980-D9D7-43BD-950B-285D8F69786C}.Release|Win32.Build.0 = Release|Win32
		{74DE0015-D687-406D-842D-FF167E0D8793}.Debug|Win32.ActiveCfg = Debug|Win32
		{74DE0015-D687-406D-842D-FF167E0D8793}.Debug|Win32.Build.0 = Debug|Win32
		{74DE0015-D687-406D-842D-FF167E0D8793}.Release|Win32.ActiveCfg = Release|Win32
		{74DE0015-D687-406D-842D-FF167E0D8793}.Release|Win32.Build.0 = Release|Win32
		{154BEA7A-4200-476D-8B9D-EFE3117AB1D5}.Debug|Win32.ActiveCfg = Debug|Win32
		{154BEA7A-4200-476D-8B9D-EFE3117AB1D5}.Debug|Win32.Build.0 = Debug|Win32
		{154BEA7A-4200-476D-8B9D-EFE3117AB1D5}.Release|Win32.ActiveCfg = Release|Win32
		{154BEA7A-4200-476D-8B9D-EFE3117AB1D5}.Release|Win32.Build.0 = Release|Win32
		{F29B99F0-FB1F-48FE-BA54-B296CB398292}.Debug|Win32.ActiveCfg = Debug|Win32
		{F29B99F0-FB1F-48FE-BA54-B296CB398292}.Debug|Win32.Build.0 = Debug|Win32
		{F29B99F0-FB1F-48FE-BA54-B296CB398292}.Release|Win32.ActiveCfg = Release|Win32
		{F29B99F0-FB1F-48FE-BA54-B296CB398292}.Release|Win32.Build.0 = Release|Win32
		{94B2D6A2-590A-45D4-A816-C4FC29508612}.Debug|Win32.ActiveCfg = Debug|Win32
		{94B2D6A2-590A-45D4-A816-C4FC29508612}.Debug|Win32.Build.0 = Debug|Win32
		{94B2D6A2-590A-45D4-A816-C4FC29508612}.Release|Win32.ActiveCfg = Release|Win32
		{94B2D6A2-590A-45D4-A816-C4FC29508612}.Release|Win32.Build.0 = Release|Win32
		{7991AE5F-8820-4FF9-8435-73567E8E9128}.Debug|Win32.ActiveCfg = Debug|Win32
		{7991AE5F-8820-4FF9-8435-73567E8E9128}.Debug|Win32.Build.0 = Debug|Win32
		{7991AE5F-8820-4FF9-8435-73567E8E9128}.Release|Win32.ActiveCfg = Release|Win32
		{7991AE5F-8820-4FF9-8435-73567E8E9128}.Release|Win32.Build.0 = Release|Win32
		{3710D311-6909-4941-B096-8839FC108736}.Debug|Win32.ActiveCfg = Debug|Win32
		{3710D311-6909-4941-B096-8839FC108736}.Debug|Win32.Build.0 = Debug|Win32
		{3710D311-6909-4941-B096-8839FC108736}.Release|Win32.ActiveCfg = Release|Win32
		{3710D311-6909-4941-B096-8839FC108736}.Release|Win32.Build.0 = Release|Win32
		{AA0CC7DF-219C-43CA-BE11-C6FE5C980C00}.Debug|Win32.ActiveCfg = Debug|Win32
		{AA0CC7DF-219C-43CA-BE11-C6FE5C980C00}.Debug|Win32.Build.0 = Debug|Win32
		{AA0CC7DF-219C-43CA-BE11-C6FE5C980C00}.Release|Win32.ActiveCfg = Release|Win32
		{AA0CC7DF-219C-43CA-BE11-C6FE5C980C00}.Release|Win32.Build.0 = Release|Win32
		{BF44B430-92D0-44C7-B81B-35610E9F8468}.Debug|Win32.ActiveCfg = Debug|Win32
		{BF44B430-92D0-44C7-B81B-35610E9F8468}.Debug|Win32.Build.0 = Debug|Win32
		{BF44B430-92D0-44C7-B81B-35610E9F8468}.Release|Win32.ActiveCfg = Release|Win32
		{BF44B430-92D0-44C7-B81B-35610E9F8468}.Release|Win32.Build.0 = Release|Win32
		{C289F2D8-9AA6-438D-B56C-E72C969B216A}.Debug|Win32.ActiveCfg = Debug|Win32
		{C289F2D8-9AA6-438D-B56C-E72C969B216A}.Debug|Win32.Build.0 = Debug|Win32
		{C289F2D8-9AA6-438D-B56C-E72C969B216A}.Release|Win32.ActiveCfg = Release|Win32
		{C289F2D8-9AA6-438D-B56C-E72C969B216A}.Release|Win32.Build.0 = Release|Win32
		{28E55057-65A1-463B-8E54-8849E042236C}.Debug|Win32.ActiveCfg = Debug|Win32
		{28E55057-65A1-463B-8E54-8849E042236C}.Debug|Win32.Build.0 = Debug|Win32
		{28E55057-65A1-463B-8E54-8849E042236C}.Release|Win32.ActiveCfg = Release|Win32
		{28E55057-65A1-463B-8E54-8849E042236C}.Release|Win32.Build.0 = Release|Win32
	EndGlobalSection
	GlobalSection(SolutionProperties) = preSolution
		HideSolutionNode = FALSE
	EndGlobalSection
EndGlobal
