
Microsoft Visual Studio Solution File, Format Version 12.00
# Visual Studio 2012
Project("{8BC9CEB8-8B4A-11D0-8D11-00A0C91BC942}") = "GetModuleTest", "GetModuleTest\GetModuleTest.vcxproj", "{F91EFE32-437D-4A09-BF36-CDC6BB38D6E6}"
EndProject
Project("{8BC9CEB8-8B4A-11D0-8D11-00A0C91BC942}") = "inherite", "inherite\inherite.vcxproj", "{4ADE4290-C9A1-4993-BEF6-9CC070D432D2}"
EndProject
Project("{8BC9CEB8-8B4A-11D0-8D11-00A0C91BC942}") = "ShellExecuteTest", "ShellExecuteTest\ShellExecuteTest.vcxproj", "{E65C3FF4-C960-412D-981C-CF9694451A61}"
EndProject
Project("{8BC9CEB8-8B4A-11D0-8D11-00A0C91BC942}") = "CloseJobHandle", "CloseJobHandle\CloseJobHandle.vcxproj", "{C977EA0A-794B-4DCE-AAE5-1848FD3E2F43}"
EndProject
Project("{8BC9CEB8-8B4A-11D0-8D11-00A0C91BC942}") = "StartRestrictedProcess", "StartRestrictedProcess\StartRestrictedProcess.vcxproj", "{376134B2-0C8B-477B-A893-BAAA2DF52B12}"
EndProject
Project("{8BC9CEB8-8B4A-11D0-8D11-00A0C91BC942}") = "ForverLoop", "ForverLoop\ForverLoop.vcxproj", "{3404D937-3BDC-4451-8037-61CDB90B0C22}"
EndProject
Project("{8BC9CEB8-8B4A-11D0-8D11-00A0C91BC942}") = "ThreadTest", "ThreadTest\ThreadTest.vcxproj", "{21B36B9A-ADB2-404B-A07A-B6C630ED816B}"
EndProject
Project("{8BC9CEB8-8B4A-11D0-8D11-00A0C91BC942}") = "SuspendProcess", "SuspendProcess\SuspendProcess.vcxproj", "{42A2A1B1-C973-4D74-9F1C-8270AB5D5C86}"
EndProject
Global
	GlobalSection(SolutionConfigurationPlatforms) = preSolution
		Debug|Win32 = Debug|Win32
		Release|Win32 = Release|Win32
	EndGlobalSection
	GlobalSection(ProjectConfigurationPlatforms) = postSolution
		{F91EFE32-437D-4A09-BF36-CDC6BB38D6E6}.Debug|Win32.ActiveCfg = Debug|Win32
		{F91EFE32-437D-4A09-BF36-CDC6BB38D6E6}.Debug|Win32.Build.0 = Debug|Win32
		{F91EFE32-437D-4A09-BF36-CDC6BB38D6E6}.Release|Win32.ActiveCfg = Release|Win32
		{F91EFE32-437D-4A09-BF36-CDC6BB38D6E6}.Release|Win32.Build.0 = Release|Win32
		{4ADE4290-C9A1-4993-BEF6-9CC070D432D2}.Debug|Win32.ActiveCfg = Debug|Win32
		{4ADE4290-C9A1-4993-BEF6-9CC070D432D2}.Debug|Win32.Build.0 = Debug|Win32
		{4ADE4290-C9A1-4993-BEF6-9CC070D432D2}.Release|Win32.ActiveCfg = Release|Win32
		{4ADE4290-C9A1-4993-BEF6-9CC070D432D2}.Release|Win32.Build.0 = Release|Win32
		{E65C3FF4-C960-412D-981C-CF9694451A61}.Debug|Win32.ActiveCfg = Debug|Win32
		{E65C3FF4-C960-412D-981C-CF9694451A61}.Debug|Win32.Build.0 = Debug|Win32
		{E65C3FF4-C960-412D-981C-CF9694451A61}.Release|Win32.ActiveCfg = Release|Win32
		{E65C3FF4-C960-412D-981C-CF9694451A61}.Release|Win32.Build.0 = Release|Win32
		{C977EA0A-794B-4DCE-AAE5-1848FD3E2F43}.Debug|Win32.ActiveCfg = Debug|Win32
		{C977EA0A-794B-4DCE-AAE5-1848FD3E2F43}.Debug|Win32.Build.0 = Debug|Win32
		{C977EA0A-794B-4DCE-AAE5-1848FD3E2F43}.Release|Win32.ActiveCfg = Release|Win32
		{C977EA0A-794B-4DCE-AAE5-1848FD3E2F43}.Release|Win32.Build.0 = Release|Win32
		{376134B2-0C8B-477B-A893-BAAA2DF52B12}.Debug|Win32.ActiveCfg = Debug|Win32
		{376134B2-0C8B-477B-A893-BAAA2DF52B12}.Debug|Win32.Build.0 = Debug|Win32
		{376134B2-0C8B-477B-A893-BAAA2DF52B12}.Release|Win32.ActiveCfg = Release|Win32
		{376134B2-0C8B-477B-A893-BAAA2DF52B12}.Release|Win32.Build.0 = Release|Win32
		{3404D937-3BDC-4451-8037-61CDB90B0C22}.Debug|Win32.ActiveCfg = Debug|Win32
		{3404D937-3BDC-4451-8037-61CDB90B0C22}.Debug|Win32.Build.0 = Debug|Win32
		{3404D937-3BDC-4451-8037-61CDB90B0C22}.Release|Win32.ActiveCfg = Release|Win32
		{3404D937-3BDC-4451-8037-61CDB90B0C22}.Release|Win32.Build.0 = Release|Win32
		{21B36B9A-ADB2-404B-A07A-B6C630ED816B}.Debug|Win32.ActiveCfg = Debug|Win32
		{21B36B9A-ADB2-404B-A07A-B6C630ED816B}.Debug|Win32.Build.0 = Debug|Win32
		{21B36B9A-ADB2-404B-A07A-B6C630ED816B}.Release|Win32.ActiveCfg = Release|Win32
		{21B36B9A-ADB2-404B-A07A-B6C630ED816B}.Release|Win32.Build.0 = Release|Win32
		{42A2A1B1-C973-4D74-9F1C-8270AB5D5C86}.Debug|Win32.ActiveCfg = Debug|Win32
		{42A2A1B1-C973-4D74-9F1C-8270AB5D5C86}.Debug|Win32.Build.0 = Debug|Win32
		{42A2A1B1-C973-4D74-9F1C-8270AB5D5C86}.Release|Win32.ActiveCfg = Release|Win32
		{42A2A1B1-C973-4D74-9F1C-8270AB5D5C86}.Release|Win32.Build.0 = Release|Win32
	EndGlobalSection
	GlobalSection(SolutionProperties) = preSolution
		HideSolutionNode = FALSE
	EndGlobalSection
EndGlobal
